
Microsoft Visual Studio Solution File, Format Version 9.00
# Visual Studio 2005
Project("{FAE04EC0-301F-11D3-BF4B-00C04F79EFBC}") = "kaigi", "kaigi\kaigi.csproj", "{D77AD2E9-BE38-46BA-89E9-AABADE3D112A}"
EndProject
Global
	GlobalSection(SolutionConfigurationPlatforms) = preSolution
		Debug|Any CPU = Debug|Any CPU
		Release|Any CPU = Release|Any CPU
	EndGlobalSection
	GlobalSection(ProjectConfigurationPlatforms) = postSolution
		{D77AD2E9-BE38-46BA-89E9-AABADE3D112A}.Debug|Any CPU.ActiveCfg = Debug|Any CPU
		{D77AD2E9-BE38-46BA-89E9-AABADE3D112A}.Debug|Any CPU.Build.0 = Debug|Any CPU
		{D77AD2E9-BE38-46BA-89E9-AABADE3D112A}.Release|Any CPU.ActiveCfg = Release|Any CPU
		{D77AD2E9-BE38-46BA-89E9-AABADE3D112A}.Release|Any CPU.Build.0 = Release|Any CPU
	EndGlobalSection
	GlobalSection(SolutionProperties) = preSolution
		HideSolutionNode = FALSE
	EndGlobalSection
EndGlobal
